
Microsoft Visual Studio Solution File, Format Version 12.00
# Visual Studio Version 16
VisualStudioVersion = 16.0.31702.278
MinimumVisualStudioVersion = 10.0.40219.1
Project("{9A19103F-16F7-4668-BE54-9A1E7A4F7556}") = "Ganaz.Backend", "Ganaz.Backend\Ganaz.Backend.csproj", "{4D529C95-8A99-4347-B510-DEADE3ACD4EF}"
EndProject
Project("{9A19103F-16F7-4668-BE54-9A1E7A4F7556}") = "Ganaz.Backend.Library", "Ganaz.Backend.Library\Ganaz.Backend.Library.csproj", "{32F73AFF-C924-446E-81DD-8EEC121098FA}"
EndProject
Project("{9A19103F-16F7-4668-BE54-9A1E7A4F7556}") = "Ganaz.Backend.Library.Tests", "Ganaz.Backen.Library.Tests\Ganaz.Backend.Library.Tests.csproj", "{CFD3D253-6789-4EAD-8D1F-3665BE2C2020}"
EndProject
Project("{9A19103F-16F7-4668-BE54-9A1E7A4F7556}") = "Ganaz.Queue", "Ganaz.Queue\Ganaz.Queue.csproj", "{26EDB6E9-4BFB-4D0F-B5E1-E48A3B6B9608}"
EndProject
Global
	GlobalSection(SolutionConfigurationPlatforms) = preSolution
		Debug|Any CPU = Debug|Any CPU
		Release|Any CPU = Release|Any CPU
	EndGlobalSection
	GlobalSection(ProjectConfigurationPlatforms) = postSolution
		{4D529C95-8A99-4347-B510-DEADE3ACD4EF}.Debug|Any CPU.ActiveCfg = Debug|Any CPU
		{4D529C95-8A99-4347-B510-DEADE3ACD4EF}.Debug|Any CPU.Build.0 = Debug|Any CPU
		{4D529C95-8A99-4347-B510-DEADE3ACD4EF}.Release|Any CPU.ActiveCfg = Release|Any CPU
		{4D529C95-8A99-4347-B510-DEADE3ACD4EF}.Release|Any CPU.Build.0 = Release|Any CPU
		{32F73AFF-C924-446E-81DD-8EEC121098FA}.Debug|Any CPU.ActiveCfg = Debug|Any CPU
		{32F73AFF-C924-446E-81DD-8EEC121098FA}.Debug|Any CPU.Build.0 = Debug|Any CPU
		{32F73AFF-C924-446E-81DD-8EEC121098FA}.Release|Any CPU.ActiveCfg = Release|Any CPU
		{32F73AFF-C924-446E-81DD-8EEC121098FA}.Release|Any CPU.Build.0 = Release|Any CPU
		{CFD3D253-6789-4EAD-8D1F-3665BE2C2020}.Debug|Any CPU.ActiveCfg = Debug|Any CPU
		{CFD3D253-6789-4EAD-8D1F-3665BE2C2020}.Debug|Any CPU.Build.0 = Debug|Any CPU
		{CFD3D253-6789-4EAD-8D1F-3665BE2C2020}.Release|Any CPU.ActiveCfg = Release|Any CPU
		{CFD3D253-6789-4EAD-8D1F-3665BE2C2020}.Release|Any CPU.Build.0 = Release|Any CPU
		{26EDB6E9-4BFB-4D0F-B5E1-E48A3B6B9608}.Debug|Any CPU.ActiveCfg = Debug|Any CPU
		{26EDB6E9-4BFB-4D0F-B5E1-E48A3B6B9608}.Debug|Any CPU.Build.0 = Debug|Any CPU
		{26EDB6E9-4BFB-4D0F-B5E1-E48A3B6B9608}.Release|Any CPU.ActiveCfg = Release|Any CPU
		{26EDB6E9-4BFB-4D0F-B5E1-E48A3B6B9608}.Release|Any CPU.Build.0 = Release|Any CPU
	EndGlobalSection
	GlobalSection(SolutionProperties) = preSolution
		HideSolutionNode = FALSE
	EndGlobalSection
	GlobalSection(ExtensibilityGlobals) = postSolution
		SolutionGuid = {C8D32D50-93D1-4BF8-9EBB-C2D6C8FB11B6}
	EndGlobalSection
EndGlobal
